
Microsoft Visual Studio Solution File, Format Version 12.00
# Visual Studio Version 16
VisualStudioVersion = 16.0.30509.190
MinimumVisualStudioVersion = 10.0.40219.1
Project("{FAE04EC0-301F-11D3-BF4B-00C04F79EFBC}") = "Test-Blazor-MLNet-WASMHost", "Test-Blazor-MLNet-WASMHost\Test-Blazor-MLNet-WASMHost.csproj", "{1A3AC681-B36C-4B63-9A59-DB9798FAEF59}"
EndProject
Project("{FAE04EC0-301F-11D3-BF4B-00C04F79EFBC}") = "Test-Blazor-MLNet-WASMHost.Shared", "Test-Blazor-MLNet-WASMHost.Shared\Test-Blazor-MLNet-WASMHost.Shared.csproj", "{C990EEDA-FC39-4F0E-869E-035735697C34}"
EndProject
Global
	GlobalSection(SolutionConfigurationPlatforms) = preSolution
		Debug|Any CPU = Debug|Any CPU
		Release|Any CPU = Release|Any CPU
	EndGlobalSection
	GlobalSection(ProjectConfigurationPlatforms) = postSolution
		{1A3AC681-B36C-4B63-9A59-DB9798FAEF59}.Debug|Any CPU.ActiveCfg = Debug|Any CPU
		{1A3AC681-B36C-4B63-9A59-DB9798FAEF59}.Debug|Any CPU.Build.0 = Debug|Any CPU
		{1A3AC681-B36C-4B63-9A59-DB9798FAEF59}.Release|Any CPU.ActiveCfg = Release|Any CPU
		{1A3AC681-B36C-4B63-9A59-DB9798FAEF59}.Release|Any CPU.Build.0 = Release|Any CPU
		{C990EEDA-FC39-4F0E-869E-035735697C34}.Debug|Any CPU.ActiveCfg = Debug|Any CPU
		{C990EEDA-FC39-4F0E-869E-035735697C34}.Debug|Any CPU.Build.0 = Debug|Any CPU
		{C990EEDA-FC39-4F0E-869E-035735697C34}.Release|Any CPU.ActiveCfg = Release|Any CPU
		{C990EEDA-FC39-4F0E-869E-035735697C34}.Release|Any CPU.Build.0 = Release|Any CPU
	EndGlobalSection
	GlobalSection(SolutionProperties) = preSolution
		HideSolutionNode = FALSE
	EndGlobalSection
	GlobalSection(ExtensibilityGlobals) = postSolution
		SolutionGuid = {E9DDF682-E1BE-42DE-A923-319571544CB4}
	EndGlobalSection
EndGlobal
